
Microsoft Visual Studio Solution File, Format Version 12.00
# Visual Studio Version 17
VisualStudioVersion = 17.5.33530.505
MinimumVisualStudioVersion = 10.0.40219.1
Project("{9A19103F-16F7-4668-BE54-9A1E7A4F7556}") = "pizzaWeb", "pizzaWeb\pizzaWeb.csproj", "{A75FFA03-F66A-4E6F-8DCA-2313C6A42CEF}"
EndProject
Global
	GlobalSection(SolutionConfigurationPlatforms) = preSolution
		Debug|Any CPU = Debug|Any CPU
		Release|Any CPU = Release|Any CPU
	EndGlobalSection
	GlobalSection(ProjectConfigurationPlatforms) = postSolution
		{A75FFA03-F66A-4E6F-8DCA-2313C6A42CEF}.Debug|Any CPU.ActiveCfg = Debug|Any CPU
		{A75FFA03-F66A-4E6F-8DCA-2313C6A42CEF}.Debug|Any CPU.Build.0 = Debug|Any CPU
		{A75FFA03-F66A-4E6F-8DCA-2313C6A42CEF}.Release|Any CPU.ActiveCfg = Release|Any CPU
		{A75FFA03-F66A-4E6F-8DCA-2313C6A42CEF}.Release|Any CPU.Build.0 = Release|Any CPU
	EndGlobalSection
	GlobalSection(SolutionProperties) = preSolution
		HideSolutionNode = FALSE
	EndGlobalSection
	GlobalSection(ExtensibilityGlobals) = postSolution
		SolutionGuid = {BD55D690-25B5-4E22-8F29-20868C03789E}
	EndGlobalSection
EndGlobal
